// !$*UTF8*$!
{
    archiveVersion = 1;
    classes = {};
    objectVersion = 56;
    objects = {

/* Begin PBXBuildFile section */
        B00000000000000000000001 /* LearningAppApp.swift in Sources */ = {isa = PBXBuildFile; fileRef = F00000000000000000000001; };
        B00000000000000000000002 /* Lesson.swift in Sources */ = {isa = PBXBuildFile; fileRef = F00000000000000000000002; };
        B00000000000000000000003 /* Course.swift in Sources */ = {isa = PBXBuildFile; fileRef = F00000000000000000000003; };
        B00000000000000000000004 /* AppError.swift in Sources */ = {isa = PBXBuildFile; fileRef = F00000000000000000000004; };
        B00000000000000000000005 /* AuthService.swift in Sources */ = {isa = PBXBuildFile; fileRef = F00000000000000000000005; };
        B00000000000000000000006 /* CourseAPIService.swift in Sources */ = {isa = PBXBuildFile; fileRef = F00000000000000000000006; };
        B00000000000000000000007 /* LocalCourseStorage.swift in Sources */ = {isa = PBXBuildFile; fileRef = F00000000000000000000007; };
        B00000000000000000000008 /* AuthRepository.swift in Sources */ = {isa = PBXBuildFile; fileRef = F00000000000000000000008; };
        B00000000000000000000009 /* CourseRepository.swift in Sources */ = {isa = PBXBuildFile; fileRef = F00000000000000000000009; };
        B00000000000000000000010 /* LoginViewModel.swift in Sources */ = {isa = PBXBuildFile; fileRef = F00000000000000000000010; };
        B00000000000000000000011 /* DashboardViewModel.swift in Sources */ = {isa = PBXBuildFile; fileRef = F00000000000000000000011; };
        B00000000000000000000012 /* CourseDetailViewModel.swift in Sources */ = {isa = PBXBuildFile; fileRef = F00000000000000000000012; };
        B00000000000000000000013 /* AppRootView.swift in Sources */ = {isa = PBXBuildFile; fileRef = F00000000000000000000013; };
        B00000000000000000000014 /* LoginView.swift in Sources */ = {isa = PBXBuildFile; fileRef = F00000000000000000000014; };
        B00000000000000000000015 /* DashboardView.swift in Sources */ = {isa = PBXBuildFile; fileRef = F00000000000000000000015; };
        B00000000000000000000016 /* CourseRowView.swift in Sources */ = {isa = PBXBuildFile; fileRef = F00000000000000000000016; };
        B00000000000000000000017 /* CourseDetailView.swift in Sources */ = {isa = PBXBuildFile; fileRef = F00000000000000000000017; };
        B00000000000000000000018 /* courses.json in Resources */ = {isa = PBXBuildFile; fileRef = F00000000000000000000018; };
        B00000000000000000000019 /* ProgressCalculationTests.swift in Sources */ = {isa = PBXBuildFile; fileRef = F00000000000000000000019; };
/* End PBXBuildFile section */

/* Begin PBXFileReference section */
        F00000000000000000000000 /* LearningApp.app */ = {isa = PBXFileReference; explicitFileType = wrapper.application; includeInIndex = 0; path = LearningApp.app; sourceTree = BUILT_PRODUCTS_DIR; };
        F00000000000000000000001 /* LearningAppApp.swift */ = {isa = PBXFileReference; lastKnownFileType = sourcecode.swift; path = LearningAppApp.swift; sourceTree = "<group>"; };
        F00000000000000000000002 /* Lesson.swift */ = {isa = PBXFileReference; lastKnownFileType = sourcecode.swift; path = Lesson.swift; sourceTree = "<group>"; };
        F00000000000000000000003 /* Course.swift */ = {isa = PBXFileReference; lastKnownFileType = sourcecode.swift; path = Course.swift; sourceTree = "<group>"; };
        F00000000000000000000004 /* AppError.swift */ = {isa = PBXFileReference; lastKnownFileType = sourcecode.swift; path = AppError.swift; sourceTree = "<group>"; };
        F00000000000000000000005 /* AuthService.swift */ = {isa = PBXFileReference; lastKnownFileType = sourcecode.swift; path = AuthService.swift; sourceTree = "<group>"; };
        F00000000000000000000006 /* CourseAPIService.swift */ = {isa = PBXFileReference; lastKnownFileType = sourcecode.swift; path = CourseAPIService.swift; sourceTree = "<group>"; };
        F00000000000000000000007 /* LocalCourseStorage.swift */ = {isa = PBXFileReference; lastKnownFileType = sourcecode.swift; path = LocalCourseStorage.swift; sourceTree = "<group>"; };
        F00000000000000000000008 /* AuthRepository.swift */ = {isa = PBXFileReference; lastKnownFileType = sourcecode.swift; path = AuthRepository.swift; sourceTree = "<group>"; };
        F00000000000000000000009 /* CourseRepository.swift */ = {isa = PBXFileReference; lastKnownFileType = sourcecode.swift; path = CourseRepository.swift; sourceTree = "<group>"; };
        F00000000000000000000010 /* LoginViewModel.swift */ = {isa = PBXFileReference; lastKnownFileType = sourcecode.swift; path = LoginViewModel.swift; sourceTree = "<group>"; };
        F00000000000000000000011 /* DashboardViewModel.swift */ = {isa = PBXFileReference; lastKnownFileType = sourcecode.swift; path = DashboardViewModel.swift; sourceTree = "<group>"; };
        F00000000000000000000012 /* CourseDetailViewModel.swift */ = {isa = PBXFileReference; lastKnownFileType = sourcecode.swift; path = CourseDetailViewModel.swift; sourceTree = "<group>"; };
        F00000000000000000000013 /* AppRootView.swift */ = {isa = PBXFileReference; lastKnownFileType = sourcecode.swift; path = AppRootView.swift; sourceTree = "<group>"; };
        F00000000000000000000014 /* LoginView.swift */ = {isa = PBXFileReference; lastKnownFileType = sourcecode.swift; path = LoginView.swift; sourceTree = "<group>"; };
        F00000000000000000000015 /* DashboardView.swift */ = {isa = PBXFileReference; lastKnownFileType = sourcecode.swift; path = DashboardView.swift; sourceTree = "<group>"; };
        F00000000000000000000016 /* CourseRowView.swift */ = {isa = PBXFileReference; lastKnownFileType = sourcecode.swift; path = CourseRowView.swift; sourceTree = "<group>"; };
        F00000000000000000000017 /* CourseDetailView.swift */ = {isa = PBXFileReference; lastKnownFileType = sourcecode.swift; path = CourseDetailView.swift; sourceTree = "<group>"; };
        F00000000000000000000018 /* courses.json */ = {isa = PBXFileReference; lastKnownFileType = text.json; path = courses.json; sourceTree = "<group>"; };
        F00000000000000000000019 /* ProgressCalculationTests.swift */ = {isa = PBXFileReference; lastKnownFileType = sourcecode.swift; path = ProgressCalculationTests.swift; sourceTree = "<group>"; };
        F00000000000000000000020 /* LearningAppTests.xctest */ = {isa = PBXFileReference; explicitFileType = wrapper.cfbundle; includeInIndex = 0; path = LearningAppTests.xctest; sourceTree = BUILT_PRODUCTS_DIR; };
/* End PBXFileReference section */

/* Begin PBXFrameworksBuildPhase section */
        P00000000000000000000001 = {isa = PBXFrameworksBuildPhase; buildActionMask = 2147483647; files = (); runOnlyForDeploymentPostprocessing = 0; };
        P00000000000000000000002 = {isa = PBXFrameworksBuildPhase; buildActionMask = 2147483647; files = (); runOnlyForDeploymentPostprocessing = 0; };
/* End PBXFrameworksBuildPhase section */

/* Begin PBXGroup section */
        G00000000000000000000000 = {isa = PBXGroup; children = (G00000000000000000000001, G00000000000000000000002, G00000000000000000000003,); sourceTree = "<group>"; };
        G00000000000000000000001 /* LearningApp */ = {isa = PBXGroup; children = (F00000000000000000000001, G00000000000000000000010, G00000000000000000000011, G00000000000000000000012, G00000000000000000000013, G00000000000000000000014, G00000000000000000000015,); path = LearningApp; sourceTree = "<group>"; };
        G00000000000000000000010 /* Models */ = {isa = PBXGroup; children = (F00000000000000000000002, F00000000000000000000003, F00000000000000000000000004,); path = Models; sourceTree = "<group>"; };
        G00000000000000000000011 /* Services */ = {isa = PBXGroup; children = (F00000000000000000000005, F00000000000000000000006, F00000000000000000000007,); path = Services; sourceTree = "<group>"; };
        G00000000000000000000012 /* Repositories */ = {isa = PBXGroup; children = (F00000000000000000000008, F00000000000000000000009,); path = Repositories; sourceTree = "<group>"; };
        G00000000000000000000013 /* ViewModels */ = {isa = PBXGroup; children = (F00000000000000000000010, F00000000000000000000011, F00000000000000000000012,); path = ViewModels; sourceTree = "<group>"; };
        G00000000000000000000014 /* Views */ = {isa = PBXGroup; children = (F00000000000000000000013, F00000000000000000000014, F00000000000000000000015, F00000000000000000000016, F00000000000000000000017,); path = Views; sourceTree = "<group>"; };
        G00000000000000000000015 /* Resources */ = {isa = PBXGroup; children = (F00000000000000000000018,); path = Resources; sourceTree = "<group>"; };
        G00000000000000000000002 /* LearningAppTests */ = {isa = PBXGroup; children = (F00000000000000000000019,); path = LearningAppTests; sourceTree = "<group>"; };
        G00000000000000000000003 /* Products */ = {isa = PBXGroup; children = (F00000000000000000000000, F00000000000000000000020,); name = Products; sourceTree = "<group>"; };
/* End PBXGroup section */

/* Begin PBXNativeTarget section */
        T00000000000000000000001 = {isa = PBXNativeTarget; buildConfigurationList = C00000000000000000000001; buildPhases = (S00000000000000000000001, P00000000000000000000001, R00000000000000000000001,); buildRules = (); dependencies = (); name = LearningApp; productName = LearningApp; productReference = F00000000000000000000000; productType = "com.apple.product-type.application"; };
        T00000000000000000000002 = {isa = PBXNativeTarget; buildConfigurationList = C00000000000000000000002; buildPhases = (S00000000000000000000002, P00000000000000000000002, R00000000000000000000002,); buildRules = (); dependencies = (D00000000000000000000001,); name = LearningAppTests; productName = LearningAppTests; productReference = F00000000000000000000020; productType = "com.apple.product-type.bundle.unit-test"; };
/* End PBXNativeTarget section */

/* Begin PBXProject section */
        PROJ000000000000000000001 = {isa = PBXProject; attributes = {LastSwiftUpdateCheck = 1600; LastUpgradeCheck = 1600; TargetAttributes = {T00000000000000000000001 = {CreatedOnToolsVersion = 16.0;}; T00000000000000000000002 = {CreatedOnToolsVersion = 16.0; TestTargetID = T00000000000000000000001;};};}; buildConfigurationList = C00000000000000000000000; compatibilityVersion = "Xcode 14.0"; developmentRegion = en; hasScannedForEncodings = 0; knownRegions = (en,); mainGroup = G00000000000000000000000; productRefGroup = G00000000000000000000003; projectDirPath = ""; projectRoot = ""; targets = (T00000000000000000000001, T00000000000000000000002,); };
/* End PBXProject section */

/* Begin PBXResourcesBuildPhase section */
        R00000000000000000000001 = {isa = PBXResourcesBuildPhase; buildActionMask = 2147483647; files = (B00000000000000000000018,); runOnlyForDeploymentPostprocessing = 0; };
        R00000000000000000000002 = {isa = PBXResourcesBuildPhase; buildActionMask = 2147483647; files = (); runOnlyForDeploymentPostprocessing = 0; };
/* End PBXResourcesBuildPhase section */

/* Begin PBXSourcesBuildPhase section */
        S00000000000000000000001 = {isa = PBXSourcesBuildPhase; buildActionMask = 2147483647; files = (B00000000000000000000001, B00000000000000000000002, B00000000000000000000003, B00000000000000000000004, B00000000000000000000005, B00000000000000000000006, B00000000000000000000007, B00000000000000000000008, B00000000000000000000009, B00000000000000000000010, B00000000000000000000011, B00000000000000000000012, B00000000000000000000013, B00000000000000000000014, B00000000000000000000015, B00000000000000000000016, B00000000000000000000017,); runOnlyForDeploymentPostprocessing = 0; };
        S00000000000000000000002 = {isa = PBXSourcesBuildPhase; buildActionMask = 2147483647; files = (B00000000000000000000019,); runOnlyForDeploymentPostprocessing = 0; };
/* End PBXSourcesBuildPhase section */

/* Begin PBXTargetDependency section */
        D00000000000000000000001 = {isa = PBXTargetDependency; target = T00000000000000000000001; targetProxy = X00000000000000000000001; };
/* End PBXTargetDependency section */

/* Begin PBXContainerItemProxy section */
        X00000000000000000000001 = {isa = PBXContainerItemProxy; containerPortal = PROJ000000000000000000001; proxyType = 1; remoteGlobalIDString = T00000000000000000000001; remoteInfo = LearningApp; };
/* End PBXContainerItemProxy section */

/* Begin XCBuildConfiguration section */
        CFG00000000000000000000001 = {isa = XCBuildConfiguration; buildSettings = {PRODUCT_BUNDLE_IDENTIFIER = com.example.LearningApp; SWIFT_VERSION = 5.0; IPHONEOS_DEPLOYMENT_TARGET = 17.0; TARGETED_DEVICE_FAMILY = "1,2"; GENERATE_INFOPLIST_FILE = YES; PRODUCT_NAME = "$(TARGET_NAME)";}; name = Debug; };
        CFG00000000000000000000002 = {isa = XCBuildConfiguration; buildSettings = {PRODUCT_BUNDLE_IDENTIFIER = com.example.LearningApp; SWIFT_VERSION = 5.0; IPHONEOS_DEPLOYMENT_TARGET = 17.0; TARGETED_DEVICE_FAMILY = "1,2"; GENERATE_INFOPLIST_FILE = YES; PRODUCT_NAME = "$(TARGET_NAME)";}; name = Release; };
        CFG00000000000000000000003 = {isa = XCBuildConfiguration; buildSettings = {PRODUCT_BUNDLE_IDENTIFIER = com.example.LearningAppTests; SWIFT_VERSION = 5.0; IPHONEOS_DEPLOYMENT_TARGET = 17.0; GENERATE_INFOPLIST_FILE = YES; TEST_HOST = "$(BUILT_PRODUCTS_DIR)/LearningApp.app/$(BUNDLE_EXECUTABLE_FOLDER_PATH)/LearningApp"; BUNDLE_LOADER = "$(TEST_HOST)";}; name = Debug; };
        CFG00000000000000000000004 = {isa = XCBuildConfiguration; buildSettings = {PRODUCT_BUNDLE_IDENTIFIER = com.example.LearningAppTests; SWIFT_VERSION = 5.0; IPHONEOS_DEPLOYMENT_TARGET = 17.0; GENERATE_INFOPLIST_FILE = YES; TEST_HOST = "$(BUILT_PRODUCTS_DIR)/LearningApp.app/$(BUNDLE_EXECUTABLE_FOLDER_PATH)/LearningApp"; BUNDLE_LOADER = "$(TEST_HOST)";}; name = Release; };
/* End XCBuildConfiguration section */

/* Begin XCConfigurationList section */
        C00000000000000000000000 = {isa = XCConfigurationList; buildConfigurations = (CFG00000000000000000000001, CFG00000000000000000000002,); defaultConfigurationIsVisible = 0; defaultConfigurationName = Release; };
        C00000000000000000000001 = {isa = XCConfigurationList; buildConfigurations = (CFG00000000000000000000001, CFG00000000000000000000002,); defaultConfigurationIsVisible = 0; defaultConfigurationName = Release; };
        C00000000000000000000002 = {isa = XCConfigurationList; buildConfigurations = (CFG00000000000000000000003, CFG00000000000000000000004,); defaultConfigurationIsVisible = 0; defaultConfigurationName = Release; };
/* End XCConfigurationList section */
    };
    rootObject = PROJ000000000000000000001;
}
